{
  "version": "5",
  "redirects": {
    "https://esm.sh/@stablelib/base64@^1.0.0?target=denonext": "https://esm.sh/@stablelib/base64@1.0.1?target=denonext",
    "https://esm.sh/@supabase/phoenix@^0.4.0?target=denonext": "https://esm.sh/@supabase/phoenix@0.4.0?target=denonext",
    "https://esm.sh/@types/tz-lookup@~6.1.2/index.d.ts": "https://esm.sh/@types/tz-lookup@6.1.2/index.d.ts",
    "https://esm.sh/fast-sha256@^1.3.0?target=denonext": "https://esm.sh/fast-sha256@1.3.0?target=denonext",
    "https://esm.sh/fetch-blob@^3.1.2/file?target=denonext": "https://esm.sh/fetch-blob@3.2.0/file?target=denonext",
    "https://esm.sh/fetch-blob@^3.1.2?target=denonext": "https://esm.sh/fetch-blob@3.2.0?target=denonext",
    "https://esm.sh/iceberg-js@^0.8.1?target=denonext": "https://esm.sh/iceberg-js@0.8.1?target=denonext",
    "https://esm.sh/node-domexception@^1.0.0?target=denonext": "https://esm.sh/node-domexception@1.0.0?target=denonext",
    "https://esm.sh/standardwebhooks@^1.0.0?target=denonext": "https://esm.sh/standardwebhooks@1.0.0?target=denonext",
    "https://esm.sh/web-streams-polyfill@^3.0.3/dist/ponyfill.es2018?target=denonext": "https://esm.sh/web-streams-polyfill@3.3.3/dist/ponyfill.es2018?target=denonext"
  },
  "remote": {
    "https://deno.land/std@0.177.0/async/abortable.ts": "73acfb3ed7261ce0d930dbe89e43db8d34e017b063cf0eaa7d215477bf53442e",
    "https://deno.land/std@0.177.0/async/deadline.ts": "c5facb0b404eede83e38bd2717ea8ab34faa2ffb20ef87fd261fcba32ba307aa",
    "https://deno.land/std@0.177.0/async/debounce.ts": "adab11d04ca38d699444ac8a9d9856b4155e8dda2afd07ce78276c01ea5a4332",
    "https://deno.land/std@0.177.0/async/deferred.ts": "42790112f36a75a57db4a96d33974a936deb7b04d25c6084a9fa8a49f135def8",
    "https://deno.land/std@0.177.0/async/delay.ts": "73aa04cec034c84fc748c7be49bb15cac3dd43a57174bfdb7a4aec22c248f0dd",
    "https://deno.land/std@0.177.0/async/mod.ts": "f04344fa21738e5ad6bea37a6bfffd57c617c2d372bb9f9dcfd118a1b622e576",
    "https://deno.land/std@0.177.0/async/mux_async_iterator.ts": "70c7f2ee4e9466161350473ad61cac0b9f115cff4c552eaa7ef9d50c4cbb4cc9",
    "https://deno.land/std@0.177.0/async/pool.ts": "fd082bd4aaf26445909889435a5c74334c017847842ec035739b4ae637ae8260",
    "https://deno.land/std@0.177.0/async/retry.ts": "5efa3ba450ac0c07a40a82e2df296287b5013755d232049efd7ea2244f15b20f",
    "https://deno.land/std@0.177.0/async/tee.ts": "47e42d35f622650b02234d43803d0383a89eb4387e1b83b5a40106d18ae36757",
    "https://deno.land/std@0.177.0/fmt/colors.ts": "938c5d44d889fb82eff6c358bea8baa7e85950a16c9f6dae3ec3a7a729164471",
    "https://deno.land/std@0.177.0/http/server.ts": "cbb17b594651215ba95c01a395700684e569c165a567e4e04bba327f41197433",
    "https://deno.land/std@0.177.0/testing/_diff.ts": "1a3c044aedf77647d6cac86b798c6417603361b66b54c53331b312caeb447aea",
    "https://deno.land/std@0.177.0/testing/_format.ts": "a69126e8a469009adf4cf2a50af889aca364c349797e63174884a52ff75cf4c7",
    "https://deno.land/std@0.177.0/testing/asserts.ts": "984ab0bfb3faeed92ffaa3a6b06536c66811185328c5dd146257c702c41b01ab",
    "https://esm.sh/@anthropic-ai/sdk@0.120.0": "008be27bd4d46184779b24e5c101ac478041ddbe66d2737065e1013c51af1bd7",
    "https://esm.sh/@anthropic-ai/sdk@0.120.0/denonext/client.mjs": "970130ddc3b2bbe25a3a1df782cdf711e0d8e4d8ba15fa0931cb29067cdacf5e",
    "https://esm.sh/@anthropic-ai/sdk@0.120.0/denonext/core/api-promise.mjs": "f4cace016a04e68a2c8c811b4f68e8b0652ca4517102ff6e7a4a71cd6f76da71",
    "https://esm.sh/@anthropic-ai/sdk@0.120.0/denonext/core/error.mjs": "22f5416d833be0e71bcb4ebdc79c37fbda828a6a98c94875b6c7d0d94988bc6d",
    "https://esm.sh/@anthropic-ai/sdk@0.120.0/denonext/core/pagination.mjs": "68bccc9dc1adb9d1d5d9bf48284dc746973bbf6d2e6d97c29282406ab7aaad16",
    "https://esm.sh/@anthropic-ai/sdk@0.120.0/denonext/core/resource.mjs": "e4641893ff4210fc05b6a9d2478a22f466c6d7a69047c3a57f6a769e094c0fc0",
    "https://esm.sh/@anthropic-ai/sdk@0.120.0/denonext/core/streaming.mjs": "be1e60fab8a454b29c2f009d795b876f0f7b8529b75a5db9c70b5f378c92e3b8",
    "https://esm.sh/@anthropic-ai/sdk@0.120.0/denonext/core/uploads.mjs": "69233a52ea6ca8a6ebc15076a491b73328628189b82c1498b12f61ae8d2dd7a0",
    "https://esm.sh/@anthropic-ai/sdk@0.120.0/denonext/error.mjs": "552ab31b30b8e839d346fde117e422cbef008ffb1a1bb219ab6887ded3a7f232",
    "https://esm.sh/@anthropic-ai/sdk@0.120.0/denonext/internal/decoders/line.mjs": "36abbd7fef7de779412e60ce8ab9c102d10f305e9aae6ef6391fd4e5cd27025c",
    "https://esm.sh/@anthropic-ai/sdk@0.120.0/denonext/internal/errors.mjs": "e66ada819b1e551347837bd6775929aa111e7f774d3d5e408fc005b3b371f454",
    "https://esm.sh/@anthropic-ai/sdk@0.120.0/denonext/internal/headers.mjs": "e4adc204845f3fdfa48e06a442b990d85a62917eaebd6cb2f95c06ee4dace27d",
    "https://esm.sh/@anthropic-ai/sdk@0.120.0/denonext/internal/parse.mjs": "b147f244519798863fe923a243144b0fefb90bd77034f0835dc369ad8c82f6d4",
    "https://esm.sh/@anthropic-ai/sdk@0.120.0/denonext/internal/request-options.mjs": "25cdaa35b51322b345fdc06661d573419ef51909209ba724e492937917d8891e",
    "https://esm.sh/@anthropic-ai/sdk@0.120.0/denonext/internal/request-signal.mjs": "5c7cbf76d13993c5c5326f423989a7c672a74c3d340156197f7e21151961df58",
    "https://esm.sh/@anthropic-ai/sdk@0.120.0/denonext/internal/shims.mjs": "5e532e806a899e45d664ca6970bd6ce45804a8e3957aff36e554d063c99baddb",
    "https://esm.sh/@anthropic-ai/sdk@0.120.0/denonext/internal/stainless-helper-header.mjs": "b8a91a6b31876ad4bf25f27719f6f983e2e79285c6157163edacdbfbc51cd5d5",
    "https://esm.sh/@anthropic-ai/sdk@0.120.0/denonext/internal/tslib.mjs": "f46ae089c7367be4b412b7c8d69ef15dcd3fc9b99e96e00affdc80fac84af2e7",
    "https://esm.sh/@anthropic-ai/sdk@0.120.0/denonext/internal/uploads.mjs": "1275e0595e68613f78f94a3b725b83c7afaab4f6800620a99ef4c3baf05a454a",
    "https://esm.sh/@anthropic-ai/sdk@0.120.0/denonext/internal/utils.mjs": "046054f65ccc68c3c8d9a344fe566dd7941dbb7c57ef481ce9ee804783174541",
    "https://esm.sh/@anthropic-ai/sdk@0.120.0/denonext/internal/utils/backoff.mjs": "61801890e977d7fab968b5ee29439669ef6281351b0d66b395a0a0ffd564a6b9",
    "https://esm.sh/@anthropic-ai/sdk@0.120.0/denonext/internal/utils/base64.mjs": "77c2dc8d77e88878c77cc7263dc9fbdb725bd10dc91969129cc25409f6eacf3e",
    "https://esm.sh/@anthropic-ai/sdk@0.120.0/denonext/internal/utils/bytes.mjs": "cac3f46ec14ae74615419ade3ff152b71843da4b2526ab15c2cf6209405af647",
    "https://esm.sh/@anthropic-ai/sdk@0.120.0/denonext/internal/utils/env.mjs": "51cf678e29087fb62bb5c2cd4bc2d10e42bd7711585058713eee5a4d30ceca46",
    "https://esm.sh/@anthropic-ai/sdk@0.120.0/denonext/internal/utils/log.mjs": "dd306bd7fa9264786c5f51d9e139934e3c995b544fa5c43fb5ebf87be16c79d3",
    "https://esm.sh/@anthropic-ai/sdk@0.120.0/denonext/internal/utils/promise.mjs": "24d72132115fd65bf7da60fde42e00607098af51d8298ed15caa2a740a6e476b",
    "https://esm.sh/@anthropic-ai/sdk@0.120.0/denonext/internal/utils/query.mjs": "21a5e5db4f0a8f4fe2b09ceb3f05e50b8b2fe4845d44d5259a001a0eb2c54023",
    "https://esm.sh/@anthropic-ai/sdk@0.120.0/denonext/internal/utils/sleep.mjs": "48ceb7a7c19af8b25d1e7a615268eeeaa81a69320a980fe19ab3aded430ddf5c",
    "https://esm.sh/@anthropic-ai/sdk@0.120.0/denonext/internal/utils/uuid.mjs": "76807838b1c37a651781af283de869a5fe160cc25872653e7f6715fa59eefaf7",
    "https://esm.sh/@anthropic-ai/sdk@0.120.0/denonext/internal/utils/values.mjs": "95c454cba0c7fbd83a4c20907764faad62831e54ba9b8038b0fa05111ec847e7",
    "https://esm.sh/@anthropic-ai/sdk@0.120.0/denonext/lib/tools/ToolError.mjs": "c09ee8f2782eb326c54648f87508b92eb7132f132417f7d77e8bef9c98b8174d",
    "https://esm.sh/@anthropic-ai/sdk@0.120.0/denonext/resources/index.mjs": "b858bd01b3ed1cabfb18441ce0b5a5bc7aaa90cb5dcb55471b1363d1e674a27b",
    "https://esm.sh/@anthropic-ai/sdk@0.120.0/denonext/sdk.mjs": "5b1e3245830a2409a9d0dc98c889aff3304e744bb4915e4fffd21b479ae6efd0",
    "https://esm.sh/@anthropic-ai/sdk@0.120.0/denonext/streaming.mjs": "f81442a8e87b1da5f4169cc56b0679a009726fdaa1e3968a2858d3b843fffbcc",
    "https://esm.sh/@anthropic-ai/sdk@0.120.0/denonext/tools/agent-toolset/node.mjs": "1e0172ca1bd2d8d483c2e20952db4154ba2baf1c221a136eb58079150d35f2c0",
    "https://esm.sh/@anthropic-ai/sdk@0.120.0/denonext/tools/agent-toolset/sync-interval.mjs": "02eac9027d4dadabc069984ec4f119438f040e6f3468730b425de0bd1d4ced5b",
    "https://esm.sh/@anthropic-ai/sdk@0.120.0/denonext/version.mjs": "37b54b9eabd4e900e89e0a17f67c6bfb2bff98207658b644ff30813f8f802fb1",
    "https://esm.sh/@anthropic-ai/sdk@0.30.1": "1496ac9ddbb5f0b0966b67fc52880c9e1c2459f33047807e708c71fcb66bc8d2",
    "https://esm.sh/@anthropic-ai/sdk@0.30.1/denonext/_shims/MultipartBody.mjs": "4fa4e96f7948ff0a71513277625bfd780b4bb494e6e4de0bc2e9cd58d1120581",
    "https://esm.sh/@anthropic-ai/sdk@0.30.1/denonext/_shims/auto/runtime.mjs": "6fdab66430a8a8e77250d00384c109834c6576a883ad5f4e3da3025e6523775e",
    "https://esm.sh/@anthropic-ai/sdk@0.30.1/denonext/_shims/index.mjs": "368853a32963f35ac250ae8d3b6d15e0af0fb8bc3b33fe405bdb064ebf774777",
    "https://esm.sh/@anthropic-ai/sdk@0.30.1/denonext/_shims/registry.mjs": "10f920744042b2fb35f70f18e97eccb7d8874a5c5a47f88ae0392657cff61f7d",
    "https://esm.sh/@anthropic-ai/sdk@0.30.1/denonext/_shims/web-runtime.mjs": "94a90635cf7b599007209f8ca4dd77bd86869641f8af986ee9696a7de4e61c78",
    "https://esm.sh/@anthropic-ai/sdk@0.30.1/denonext/_vendor/partial-json-parser/parser.mjs": "28239660b730511dbedd892a8b89a5306840b5d777d806b376f0803c9b8b0154",
    "https://esm.sh/@anthropic-ai/sdk@0.30.1/denonext/core.mjs": "11970494bbfb0c1dc13c1cea89b0559a6890b5075468a7f68e2de20f67cf0c88",
    "https://esm.sh/@anthropic-ai/sdk@0.30.1/denonext/error.mjs": "6414a5125706298f505d8d381bf1e94a9752d7165fbc1d77bdbe8a71fff9a853",
    "https://esm.sh/@anthropic-ai/sdk@0.30.1/denonext/internal/decoders/jsonl.mjs": "fa4803f6bf20eabef4d6efeb614b829ddb1edc542bd0a76e898faf5842afa003",
    "https://esm.sh/@anthropic-ai/sdk@0.30.1/denonext/internal/decoders/line.mjs": "f123981f5f3fcb705d651594a64ddc501957c1a25af0ddb94de05db59f55165c",
    "https://esm.sh/@anthropic-ai/sdk@0.30.1/denonext/lib/MessageStream.mjs": "e05138178e21ba0506ac088efea6932b1f0b2b6b8c377dff98acab59ae985e30",
    "https://esm.sh/@anthropic-ai/sdk@0.30.1/denonext/lib/PromptCachingBetaMessageStream.mjs": "40d5b57c376bd358d88ae285a1539b4554f03ac0acbc539136bd70d656380533",
    "https://esm.sh/@anthropic-ai/sdk@0.30.1/denonext/pagination.mjs": "f0e6fd80b34fda69ddb102016202da21afda64cb253be65ed9cc33559053ed95",
    "https://esm.sh/@anthropic-ai/sdk@0.30.1/denonext/resource.mjs": "bb8d4309a6de20c70592abe6def72d26593090db6031e6dd995d6ea2d0a25961",
    "https://esm.sh/@anthropic-ai/sdk@0.30.1/denonext/resources/beta/beta.mjs": "16fdeedab2b4ab875b4c613efe50088c81c1474041855c6e0ab1ed4d1fdeda96",
    "https://esm.sh/@anthropic-ai/sdk@0.30.1/denonext/resources/beta/messages/batches.mjs": "f0a4e5da3cf79a968a16f5ecc1ba1da959640e7305d308b2133eccdf279372e3",
    "https://esm.sh/@anthropic-ai/sdk@0.30.1/denonext/resources/beta/messages/messages.mjs": "28994093e1a2c21b52cb6bc7d490bb0b144862913bc1e45c462e3a3bb7848d38",
    "https://esm.sh/@anthropic-ai/sdk@0.30.1/denonext/resources/beta/prompt-caching/messages.mjs": "bc343874c3fb48194b2d3e766fba3d04aa5ed366dcc741f30b343cc599178312",
    "https://esm.sh/@anthropic-ai/sdk@0.30.1/denonext/resources/beta/prompt-caching/prompt-caching.mjs": "9dd3c0485b18909f5209374dd54671232088bba8a5a61d6be9312a40a0728f15",
    "https://esm.sh/@anthropic-ai/sdk@0.30.1/denonext/resources/completions.mjs": "892dc648fa78e0a2f4ca3de608fed6c1116efe7b828e79dce409d36c92d70cee",
    "https://esm.sh/@anthropic-ai/sdk@0.30.1/denonext/resources/index.mjs": "523951318aaa6044c8272391f11f1722ecdfffec6fb70f1e01b236f6baa6b87e",
    "https://esm.sh/@anthropic-ai/sdk@0.30.1/denonext/resources/messages.mjs": "376b10b93f94c9216f3b9a3dcbcae96c36460300d92c63e74930aa59108ba79c",
    "https://esm.sh/@anthropic-ai/sdk@0.30.1/denonext/sdk.mjs": "03dbfce8e5a2e7f04b625f933c08a57691a00cf7edc8324d9bb090bbb7d9444d",
    "https://esm.sh/@anthropic-ai/sdk@0.30.1/denonext/streaming.mjs": "3008b5bfaf246832a87f18344500fabc5772089bc455c929f6d01b9faea909da",
    "https://esm.sh/@anthropic-ai/sdk@0.30.1/denonext/uploads.mjs": "2b11bb7a5d06a14fb64b65b01437488bd6bd4eb4809a3c3e9176ac9f084a4d35",
    "https://esm.sh/@anthropic-ai/sdk@0.30.1/denonext/version.mjs": "9d64f70fef11a91439090852004ca16824358363b3bd36ec67ecd14b28c984f8",
    "https://esm.sh/@stablelib/base64@1.0.1/denonext/base64.mjs": "34390feb4ceca61c968c8b802f0da0c3e47b55979dfcad2f0b19724264b026ee",
    "https://esm.sh/@stablelib/base64@1.0.1?target=denonext": "d6a21d947314ef3a453f3e0dc95c17b7c5d4ca4a29937f10eea783360a736c51",
    "https://esm.sh/@supabase/auth-js@2.103.0/denonext/auth-js.mjs": "356a6f02075db01c80117a7e4198d7fd55cde58f8487744628d4751b987aa8ee",
    "https://esm.sh/@supabase/functions-js@2.103.0/denonext/functions-js.mjs": "93a483aa7fbe7fd883fcd5a65642122d7c38447dee3a8001a1e595db212997a0",
    "https://esm.sh/@supabase/phoenix@0.4.0/denonext/phoenix.mjs": "d9187057b2e3276d1110b9d814f737d4f8eff7f8b2765c4aa6bf7c7c30d070c9",
    "https://esm.sh/@supabase/phoenix@0.4.0?target=denonext": "c1df3cfcdcf13e9cfddf86181efbdd8d4099b9a2682188b74106596277a69d16",
    "https://esm.sh/@supabase/postgrest-js@2.103.0/denonext/postgrest-js.mjs": "cfe6dff25bba2193197fcb056d4c5a2aa1ae2a887a660b8a029139fc4128e800",
    "https://esm.sh/@supabase/realtime-js@2.103.0/denonext/realtime-js.mjs": "327afc9d0c67336885cb49e0bab74fcd99c2fd268e7a0e6419d3ca16e164fab4",
    "https://esm.sh/@supabase/storage-js@2.103.0/denonext/storage-js.mjs": "da2230e0505d2a551a1e04863c16cb6c794d22eb3a0aef4d3351aa7279fe8b00",
    "https://esm.sh/@supabase/supabase-js@2.103.0": "513f5e7364668df19963929fd207a721e659e5c69875d8f1c1fe44b0a95d534d",
    "https://esm.sh/@supabase/supabase-js@2.103.0/denonext/supabase-js.mjs": "17511c734a1a4f502b64ca06b982c8094344cd6d42eee7f6154ac5fedda042a8",
    "https://esm.sh/fast-sha256@1.3.0/denonext/fast-sha256.mjs": "bcf37227dddce83918628de1aed52ce77d8211499b3ad06c019cc77e0322c0b2",
    "https://esm.sh/fast-sha256@1.3.0?target=denonext": "e1af1f94f63902ce191180a8ede5eda744b74f6abb885dae5f8b1fd9e13c8575",
    "https://esm.sh/fetch-blob@3.2.0/denonext/fetch-blob.mjs": "4bdcafe41b058056f2b042b0cb8e1f2bc2fc780b1222e37b6e5aeeb19c806687",
    "https://esm.sh/fetch-blob@3.2.0/denonext/file.mjs": "82bf996a0cc9bdd31cf1901bcaafb09b66d31f09d8cf4828bd46173f915a066b",
    "https://esm.sh/fetch-blob@3.2.0/denonext/from.mjs": "e7eaabf5c0a700bc189be493d740056feaa81bf16b6e78c3c91909a7c0f9c248",
    "https://esm.sh/fetch-blob@3.2.0/file?target=denonext": "00c778591cf6287bac619bfee2b99f0dc4c54c94bcab5e27c84c9b7c3f7f430b",
    "https://esm.sh/fetch-blob@3.2.0/from.js": "aa91ebb7c56576b2ef4b65c1c609de98a0f3c51ec2dac0736bdf3ad09c07ffa0",
    "https://esm.sh/fetch-blob@3.2.0?target=denonext": "dc7a4665105c3a6c06b8e85d81155202ba301ab69a92c764a656d41dfea672b0",
    "https://esm.sh/formdata-polyfill@4.0.10/denonext/esm.min.mjs": "5d0902ccd41981d366e1f5e319acf57b0586f43a897a5e84ed5d4f17de6b25cc",
    "https://esm.sh/formdata-polyfill@4.0.10/esm.min.js": "1ac76051dd150f7e961b625426616a4cdabe1862a9916a18140fdcc8f19f9a7e",
    "https://esm.sh/iceberg-js@0.8.1/denonext/iceberg-js.mjs": "d839d81a2e3966500ca2cdd0c1cb458e9608bacfc91f7bb67a69b2e878dcdb4f",
    "https://esm.sh/iceberg-js@0.8.1?target=denonext": "58c849d7fe2bf4eca4a84eb501e83c161a7d8c34ca1bec15a962b3bec3062633",
    "https://esm.sh/node-domexception@1.0.0/denonext/node-domexception.mjs": "138a09c22252f08c9fd6d535536fc542b73c50a8129ac1cc24fbc0c725950b66",
    "https://esm.sh/node-domexception@1.0.0?target=denonext": "3cfde0103fedc2864ddaa91b34410022312a0aa6f8f29058a5db10171e6690a7",
    "https://esm.sh/standardwebhooks@1.0.0/denonext/standardwebhooks.mjs": "6e51b5073217b0b65c233748e4d513bbd8659ed1ddeb9adc594aaf1746777645",
    "https://esm.sh/standardwebhooks@1.0.0?target=denonext": "b8cafcb7e9a890c14c0eb74cb093f36333000122e2276cc204818f6a680c8ba9",
    "https://esm.sh/tslib@2.8.1/denonext/tslib.mjs": "c38da5dd6da6281964435002ce204cd586634fe3bdfb24a0ee116f48cf3292e9",
    "https://esm.sh/tz-lookup@6.1.25": "9612397e6e324aba42e3b29ed40fda475ed85cf5e609ae24bce3ac6bde64d99b",
    "https://esm.sh/tz-lookup@6.1.25/denonext/tz-lookup.mjs": "dbf4ac83a8615cb1f2c5baca9a8e9639c1d4e7d78769e2ff67e9f2c631550fa3",
    "https://esm.sh/undici-types@8.10.0/handlers": "fabf6997a3adf11e45d11e3c4d58d0634ab98f9d72f3116f3694123818ccd457",
    "https://esm.sh/undici-types@8.10.0/retry-handler": "fabf6997a3adf11e45d11e3c4d58d0634ab98f9d72f3116f3694123818ccd457",
    "https://esm.sh/undici@8.10.0/types/handlers": "fabf6997a3adf11e45d11e3c4d58d0634ab98f9d72f3116f3694123818ccd457",
    "https://esm.sh/undici@8.10.0/types/retry-handler": "fabf6997a3adf11e45d11e3c4d58d0634ab98f9d72f3116f3694123818ccd457",
    "https://esm.sh/web-streams-polyfill@3.3.3/denonext/dist/ponyfill.es2018.mjs": "473d1c07493a263e75fe0d863c2736e79b45d62d4828495dd808b798b0473ebf",
    "https://esm.sh/web-streams-polyfill@3.3.3/dist/ponyfill.es2018?target=denonext": "0a8b106eacb8559e1c137ff0fa424892b10d211df95b215bf790377add7147d4"
  },
  "workspace": {
    "packageJson": {
      "dependencies": [
        "npm:@expo/vector-icons@^15.0.3",
        "npm:@react-native-async-storage/async-storage@2.2.0",
        "npm:@sentry/react-native@7.2",
        "npm:@supabase/supabase-js@^2.103.0",
        "npm:@types/jest@30",
        "npm:@types/react-test-renderer@^19.1.0",
        "npm:@types/react@19.1",
        "npm:babel-preset-expo@^55.0.17",
        "npm:expo-blur@~15.0.8",
        "npm:expo-constants@~18.0.13",
        "npm:expo-crypto@~15.0.9",
        "npm:expo-dev-client@~6.0.21",
        "npm:expo-haptics@~15.0.8",
        "npm:expo-image@~3.0.11",
        "npm:expo-linear-gradient@~15.0.8",
        "npm:expo-linking@~8.0.11",
        "npm:expo-location@~19.0.8",
        "npm:expo-notifications@~0.32.17",
        "npm:expo-router@~6.0.23",
        "npm:expo-status-bar@~3.0.9",
        "npm:expo-store-review@~9.0.9",
        "npm:expo@~54.0.33",
        "npm:jest-expo@^55.0.16",
        "npm:jest@^29.7.0",
        "npm:react-dom@19.1.0",
        "npm:react-native-gesture-handler@2.28",
        "npm:react-native-map-clustering@4",
        "npm:react-native-maps@1.20.1",
        "npm:react-native-purchases@^10.0.1",
        "npm:react-native-reanimated@~4.1.1",
        "npm:react-native-safe-area-context@5.6",
        "npm:react-native-screens@4.16",
        "npm:react-native-web@0.21",
        "npm:react-native-worklets@~0.8.1",
        "npm:react-native@0.81.5",
        "npm:react-refresh@~0.14.2",
        "npm:react-test-renderer@^19.1.0",
        "npm:react@19.1.0",
        "npm:ts-jest@^29.4.9",
        "npm:typescript@~5.9.2"
      ]
    }
  }
}
