{
  "version": "5",
  "redirects": {
    "https://esm.sh/@supabase/phoenix@^0.4.0?target=denonext": "https://esm.sh/@supabase/phoenix@0.4.0?target=denonext",
    "https://esm.sh/iceberg-js@^0.8.1?target=denonext": "https://esm.sh/iceberg-js@0.8.1?target=denonext"
  },
  "remote": {
    "https://deno.land/std@0.177.0/async/abortable.ts": "73acfb3ed7261ce0d930dbe89e43db8d34e017b063cf0eaa7d215477bf53442e",
    "https://deno.land/std@0.177.0/async/deadline.ts": "c5facb0b404eede83e38bd2717ea8ab34faa2ffb20ef87fd261fcba32ba307aa",
    "https://deno.land/std@0.177.0/async/debounce.ts": "adab11d04ca38d699444ac8a9d9856b4155e8dda2afd07ce78276c01ea5a4332",
    "https://deno.land/std@0.177.0/async/deferred.ts": "42790112f36a75a57db4a96d33974a936deb7b04d25c6084a9fa8a49f135def8",
    "https://deno.land/std@0.177.0/async/delay.ts": "73aa04cec034c84fc748c7be49bb15cac3dd43a57174bfdb7a4aec22c248f0dd",
    "https://deno.land/std@0.177.0/async/mod.ts": "f04344fa21738e5ad6bea37a6bfffd57c617c2d372bb9f9dcfd118a1b622e576",
    "https://deno.land/std@0.177.0/async/mux_async_iterator.ts": "70c7f2ee4e9466161350473ad61cac0b9f115cff4c552eaa7ef9d50c4cbb4cc9",
    "https://deno.land/std@0.177.0/async/pool.ts": "fd082bd4aaf26445909889435a5c74334c017847842ec035739b4ae637ae8260",
    "https://deno.land/std@0.177.0/async/retry.ts": "5efa3ba450ac0c07a40a82e2df296287b5013755d232049efd7ea2244f15b20f",
    "https://deno.land/std@0.177.0/async/tee.ts": "47e42d35f622650b02234d43803d0383a89eb4387e1b83b5a40106d18ae36757",
    "https://deno.land/std@0.177.0/fmt/colors.ts": "938c5d44d889fb82eff6c358bea8baa7e85950a16c9f6dae3ec3a7a729164471",
    "https://deno.land/std@0.177.0/http/server.ts": "cbb17b594651215ba95c01a395700684e569c165a567e4e04bba327f41197433",
    "https://deno.land/std@0.177.0/testing/_diff.ts": "1a3c044aedf77647d6cac86b798c6417603361b66b54c53331b312caeb447aea",
    "https://deno.land/std@0.177.0/testing/_format.ts": "a69126e8a469009adf4cf2a50af889aca364c349797e63174884a52ff75cf4c7",
    "https://deno.land/std@0.177.0/testing/asserts.ts": "984ab0bfb3faeed92ffaa3a6b06536c66811185328c5dd146257c702c41b01ab",
    "https://esm.sh/@anthropic-ai/sdk@0.30.1": "1496ac9ddbb5f0b0966b67fc52880c9e1c2459f33047807e708c71fcb66bc8d2",
    "https://esm.sh/@anthropic-ai/sdk@0.30.1/denonext/_shims/MultipartBody.mjs": "4fa4e96f7948ff0a71513277625bfd780b4bb494e6e4de0bc2e9cd58d1120581",
    "https://esm.sh/@anthropic-ai/sdk@0.30.1/denonext/_shims/auto/runtime.mjs": "6fdab66430a8a8e77250d00384c109834c6576a883ad5f4e3da3025e6523775e",
    "https://esm.sh/@anthropic-ai/sdk@0.30.1/denonext/_shims/index.mjs": "368853a32963f35ac250ae8d3b6d15e0af0fb8bc3b33fe405bdb064ebf774777",
    "https://esm.sh/@anthropic-ai/sdk@0.30.1/denonext/_shims/registry.mjs": "10f920744042b2fb35f70f18e97eccb7d8874a5c5a47f88ae0392657cff61f7d",
    "https://esm.sh/@anthropic-ai/sdk@0.30.1/denonext/_shims/web-runtime.mjs": "94a90635cf7b599007209f8ca4dd77bd86869641f8af986ee9696a7de4e61c78",
    "https://esm.sh/@anthropic-ai/sdk@0.30.1/denonext/_vendor/partial-json-parser/parser.mjs": "28239660b730511dbedd892a8b89a5306840b5d777d806b376f0803c9b8b0154",
    "https://esm.sh/@anthropic-ai/sdk@0.30.1/denonext/core.mjs": "11970494bbfb0c1dc13c1cea89b0559a6890b5075468a7f68e2de20f67cf0c88",
    "https://esm.sh/@anthropic-ai/sdk@0.30.1/denonext/error.mjs": "6414a5125706298f505d8d381bf1e94a9752d7165fbc1d77bdbe8a71fff9a853",
    "https://esm.sh/@anthropic-ai/sdk@0.30.1/denonext/internal/decoders/jsonl.mjs": "fa4803f6bf20eabef4d6efeb614b829ddb1edc542bd0a76e898faf5842afa003",
    "https://esm.sh/@anthropic-ai/sdk@0.30.1/denonext/internal/decoders/line.mjs": "f123981f5f3fcb705d651594a64ddc501957c1a25af0ddb94de05db59f55165c",
    "https://esm.sh/@anthropic-ai/sdk@0.30.1/denonext/lib/MessageStream.mjs": "e05138178e21ba0506ac088efea6932b1f0b2b6b8c377dff98acab59ae985e30",
    "https://esm.sh/@anthropic-ai/sdk@0.30.1/denonext/lib/PromptCachingBetaMessageStream.mjs": "40d5b57c376bd358d88ae285a1539b4554f03ac0acbc539136bd70d656380533",
    "https://esm.sh/@anthropic-ai/sdk@0.30.1/denonext/pagination.mjs": "f0e6fd80b34fda69ddb102016202da21afda64cb253be65ed9cc33559053ed95",
    "https://esm.sh/@anthropic-ai/sdk@0.30.1/denonext/resource.mjs": "bb8d4309a6de20c70592abe6def72d26593090db6031e6dd995d6ea2d0a25961",
    "https://esm.sh/@anthropic-ai/sdk@0.30.1/denonext/resources/beta/beta.mjs": "16fdeedab2b4ab875b4c613efe50088c81c1474041855c6e0ab1ed4d1fdeda96",
    "https://esm.sh/@anthropic-ai/sdk@0.30.1/denonext/resources/beta/messages/batches.mjs": "f0a4e5da3cf79a968a16f5ecc1ba1da959640e7305d308b2133eccdf279372e3",
    "https://esm.sh/@anthropic-ai/sdk@0.30.1/denonext/resources/beta/messages/messages.mjs": "28994093e1a2c21b52cb6bc7d490bb0b144862913bc1e45c462e3a3bb7848d38",
    "https://esm.sh/@anthropic-ai/sdk@0.30.1/denonext/resources/beta/prompt-caching/messages.mjs": "bc343874c3fb48194b2d3e766fba3d04aa5ed366dcc741f30b343cc599178312",
    "https://esm.sh/@anthropic-ai/sdk@0.30.1/denonext/resources/beta/prompt-caching/prompt-caching.mjs": "9dd3c0485b18909f5209374dd54671232088bba8a5a61d6be9312a40a0728f15",
    "https://esm.sh/@anthropic-ai/sdk@0.30.1/denonext/resources/completions.mjs": "892dc648fa78e0a2f4ca3de608fed6c1116efe7b828e79dce409d36c92d70cee",
    "https://esm.sh/@anthropic-ai/sdk@0.30.1/denonext/resources/index.mjs": "523951318aaa6044c8272391f11f1722ecdfffec6fb70f1e01b236f6baa6b87e",
    "https://esm.sh/@anthropic-ai/sdk@0.30.1/denonext/resources/messages.mjs": "376b10b93f94c9216f3b9a3dcbcae96c36460300d92c63e74930aa59108ba79c",
    "https://esm.sh/@anthropic-ai/sdk@0.30.1/denonext/sdk.mjs": "03dbfce8e5a2e7f04b625f933c08a57691a00cf7edc8324d9bb090bbb7d9444d",
    "https://esm.sh/@anthropic-ai/sdk@0.30.1/denonext/streaming.mjs": "3008b5bfaf246832a87f18344500fabc5772089bc455c929f6d01b9faea909da",
    "https://esm.sh/@anthropic-ai/sdk@0.30.1/denonext/uploads.mjs": "2b11bb7a5d06a14fb64b65b01437488bd6bd4eb4809a3c3e9176ac9f084a4d35",
    "https://esm.sh/@anthropic-ai/sdk@0.30.1/denonext/version.mjs": "9d64f70fef11a91439090852004ca16824358363b3bd36ec67ecd14b28c984f8",
    "https://esm.sh/@supabase/auth-js@2.103.0/denonext/auth-js.mjs": "356a6f02075db01c80117a7e4198d7fd55cde58f8487744628d4751b987aa8ee",
    "https://esm.sh/@supabase/functions-js@2.103.0/denonext/functions-js.mjs": "93a483aa7fbe7fd883fcd5a65642122d7c38447dee3a8001a1e595db212997a0",
    "https://esm.sh/@supabase/phoenix@0.4.0/denonext/phoenix.mjs": "d9187057b2e3276d1110b9d814f737d4f8eff7f8b2765c4aa6bf7c7c30d070c9",
    "https://esm.sh/@supabase/phoenix@0.4.0?target=denonext": "c1df3cfcdcf13e9cfddf86181efbdd8d4099b9a2682188b74106596277a69d16",
    "https://esm.sh/@supabase/postgrest-js@2.103.0/denonext/postgrest-js.mjs": "cfe6dff25bba2193197fcb056d4c5a2aa1ae2a887a660b8a029139fc4128e800",
    "https://esm.sh/@supabase/realtime-js@2.103.0/denonext/realtime-js.mjs": "327afc9d0c67336885cb49e0bab74fcd99c2fd268e7a0e6419d3ca16e164fab4",
    "https://esm.sh/@supabase/storage-js@2.103.0/denonext/storage-js.mjs": "da2230e0505d2a551a1e04863c16cb6c794d22eb3a0aef4d3351aa7279fe8b00",
    "https://esm.sh/@supabase/supabase-js@2.103.0": "513f5e7364668df19963929fd207a721e659e5c69875d8f1c1fe44b0a95d534d",
    "https://esm.sh/@supabase/supabase-js@2.103.0/denonext/supabase-js.mjs": "17511c734a1a4f502b64ca06b982c8094344cd6d42eee7f6154ac5fedda042a8",
    "https://esm.sh/iceberg-js@0.8.1/denonext/iceberg-js.mjs": "d839d81a2e3966500ca2cdd0c1cb458e9608bacfc91f7bb67a69b2e878dcdb4f",
    "https://esm.sh/iceberg-js@0.8.1?target=denonext": "58c849d7fe2bf4eca4a84eb501e83c161a7d8c34ca1bec15a962b3bec3062633",
    "https://esm.sh/tslib@2.8.1/denonext/tslib.mjs": "c38da5dd6da6281964435002ce204cd586634fe3bdfb24a0ee116f48cf3292e9"
  },
  "workspace": {
    "packageJson": {
      "dependencies": [
        "npm:@expo/vector-icons@^15.0.3",
        "npm:@react-native-async-storage/async-storage@2.2.0",
        "npm:@supabase/supabase-js@^2.103.0",
        "npm:@types/jest@30",
        "npm:@types/react@19.1",
        "npm:babel-preset-expo@^55.0.17",
        "npm:expo-blur@~15.0.8",
        "npm:expo-constants@~18.0.13",
        "npm:expo-haptics@~15.0.8",
        "npm:expo-linear-gradient@~15.0.8",
        "npm:expo-linking@~8.0.11",
        "npm:expo-location@~19.0.8",
        "npm:expo-router@~6.0.23",
        "npm:expo-status-bar@~3.0.9",
        "npm:expo@~54.0.33",
        "npm:jest-expo@^55.0.16",
        "npm:jest@^29.7.0",
        "npm:nativewind@^4.2.3",
        "npm:react-dom@19.1.0",
        "npm:react-native-gesture-handler@2.28",
        "npm:react-native-map-clustering@4",
        "npm:react-native-maps@1.20.1",
        "npm:react-native-purchases@^10.0.1",
        "npm:react-native-reanimated@~4.1.1",
        "npm:react-native-safe-area-context@5.6",
        "npm:react-native-screens@4.16",
        "npm:react-native-web@0.21",
        "npm:react-native-worklets@~0.8.1",
        "npm:react-native@0.81.5",
        "npm:react@19.1.0",
        "npm:tailwindcss@^3.3.2",
        "npm:ts-jest@^29.4.9",
        "npm:typescript@~5.9.2"
      ]
    }
  }
}
